
Microsoft Visual Studio Solution File, Format Version 12.00
# Visual Studio Version 17
VisualStudioVersion = 17.5.002.0
MinimumVisualStudioVersion = 10.0.40219.1
Project("{2150E333-8FDC-42A3-9474-1A3956D46DE8}") = "Files", "Files", "{9DD74AC8-1642-478B-BFF4-4407021EF70F}"
EndProject
Project("{9A19103F-16F7-4668-BE54-9A1E7A4F7556}") = "CreateFiles", "Files\CreateFiles\CreateFiles.csproj", "{485DA182-9318-4537-B883-6F452A9C4EC0}"
EndProject
Project("{9A19103F-16F7-4668-BE54-9A1E7A4F7556}") = "Directories", "Files\Directories\Directories.csproj", "{960A00BF-1AC0-4F15-A6D9-147D106F6CE9}"
EndProject
Project("{9A19103F-16F7-4668-BE54-9A1E7A4F7556}") = "FileInfo", "Files\FileInfo\FileInfo.csproj", "{A09B8DA0-3BE3-4218-B30F-E168B0FBE12A}"
EndProject
Project("{9A19103F-16F7-4668-BE54-9A1E7A4F7556}") = "ReadWriteFiles", "Files\ReadWriteFiles\ReadWriteFiles.csproj", "{5F2F4015-6901-4940-912D-BE98B11DB2FD}"
EndProject
Project("{2150E333-8FDC-42A3-9474-1A3956D46DE8}") = "NumbersDates", "NumbersDates", "{975DB5B2-6E56-49CD-B029-E414E2D9DC4B}"
EndProject
Project("{9A19103F-16F7-4668-BE54-9A1E7A4F7556}") = "DateTimeClass", "NumbersDates\DateTimeClass\DateTimeClass.csproj", "{887ADDB5-8F4A-48A8-A4F0-27FFE1AC0D2D}"
EndProject
Project("{9A19103F-16F7-4668-BE54-9A1E7A4F7556}") = "FormatDates", "NumbersDates\FormatDates\FormatDates.csproj", "{E241BDFA-D0D1-459F-8114-4E15F7771BD6}"
EndProject
Project("{9A19103F-16F7-4668-BE54-9A1E7A4F7556}") = "FormatNumbers", "NumbersDates\FormatNumbers\FormatNumbers.csproj", "{44855048-0A20-4D48-8956-2A8260534079}"
EndProject
Project("{9A19103F-16F7-4668-BE54-9A1E7A4F7556}") = "ParseDates", "NumbersDates\ParseDates\ParseDates.csproj", "{FDDEBAD1-4CD5-4C07-9E47-3F6A912944FC}"
EndProject
Project("{9A19103F-16F7-4668-BE54-9A1E7A4F7556}") = "ParseNumbers", "NumbersDates\ParseNumbers\ParseNumbers.csproj", "{DBBFB4E4-C12C-4824-8E7B-4E1C309C0408}"
EndProject
Project("{2150E333-8FDC-42A3-9474-1A3956D46DE8}") = "Overview", "Overview", "{0DEE7E63-A122-4013-A9CF-1A0CB157279C}"
EndProject
Project("{9A19103F-16F7-4668-BE54-9A1E7A4F7556}") = "DataTypes", "Overview\DataTypes\DataTypes.csproj", "{573C210C-0C7F-49CC-926E-4D3FE57649AC}"
EndProject
Project("{9A19103F-16F7-4668-BE54-9A1E7A4F7556}") = "GarbageCollect", "Overview\GarbageCollect\GarbageCollect.csproj", "{1A716FEF-B026-46EB-B6C0-7D3489C0B896}"
EndProject
Project("{9A19103F-16F7-4668-BE54-9A1E7A4F7556}") = "MyConsoleApp", "Overview\MyConsoleApp\MyConsoleApp.csproj", "{602038F5-4DFD-4799-8C66-52116E905B26}"
EndProject
Project("{2150E333-8FDC-42A3-9474-1A3956D46DE8}") = "Regex", "Regex", "{DA186217-40B6-4044-A840-50712660ED80}"
EndProject
Project("{9A19103F-16F7-4668-BE54-9A1E7A4F7556}") = "Finding", "Regex\Finding\Finding.csproj", "{74F1CCFC-6D98-4720-AC13-8993C5C88E7A}"
EndProject
Project("{9A19103F-16F7-4668-BE54-9A1E7A4F7556}") = "Replacing", "Regex\Replacing\Replacing.csproj", "{542BB280-C01D-446D-AA0B-8B15EE59E8EB}"
EndProject
Project("{9A19103F-16F7-4668-BE54-9A1E7A4F7556}") = "RegexTimeouts", "Regex\Timeouts\RegexTimeouts.csproj", "{DDF844F8-6F52-4CAF-ABDB-AD90E30D5AD5}"
EndProject
Project("{2150E333-8FDC-42A3-9474-1A3956D46DE8}") = "Strings", "Strings", "{DFC3D7F4-CB47-42C2-AD96-B472D376F557}"
EndProject
Project("{9A19103F-16F7-4668-BE54-9A1E7A4F7556}") = "Formatting", "Strings\Formatting\Formatting.csproj", "{62314AEB-3457-48AA-AF01-248A354E5A81}"
EndProject
Project("{9A19103F-16F7-4668-BE54-9A1E7A4F7556}") = "Interpolation", "Strings\Interpolation\Interpolation.csproj", "{88A1A946-3BB9-49FE-998A-DE56E557EDCD}"
EndProject
Project("{9A19103F-16F7-4668-BE54-9A1E7A4F7556}") = "Manipulation", "Strings\Manipulation\Manipulation.csproj", "{C8E0435D-7F8D-4542-86CD-D9ED9686572A}"
EndProject
Project("{9A19103F-16F7-4668-BE54-9A1E7A4F7556}") = "Searching", "Strings\Searching\Searching.csproj", "{E4CB0194-C7CE-4B3F-9BA7-1FCA4F9052B7}"
EndProject
Global
	GlobalSection(SolutionConfigurationPlatforms) = preSolution
		Debug|Any CPU = Debug|Any CPU
		Release|Any CPU = Release|Any CPU
	EndGlobalSection
	GlobalSection(ProjectConfigurationPlatforms) = postSolution
		{485DA182-9318-4537-B883-6F452A9C4EC0}.Debug|Any CPU.ActiveCfg = Debug|Any CPU
		{485DA182-9318-4537-B883-6F452A9C4EC0}.Debug|Any CPU.Build.0 = Debug|Any CPU
		{485DA182-9318-4537-B883-6F452A9C4EC0}.Release|Any CPU.ActiveCfg = Release|Any CPU
		{485DA182-9318-4537-B883-6F452A9C4EC0}.Release|Any CPU.Build.0 = Release|Any CPU
		{960A00BF-1AC0-4F15-A6D9-147D106F6CE9}.Debug|Any CPU.ActiveCfg = Debug|Any CPU
		{960A00BF-1AC0-4F15-A6D9-147D106F6CE9}.Debug|Any CPU.Build.0 = Debug|Any CPU
		{960A00BF-1AC0-4F15-A6D9-147D106F6CE9}.Release|Any CPU.ActiveCfg = Release|Any CPU
		{960A00BF-1AC0-4F15-A6D9-147D106F6CE9}.Release|Any CPU.Build.0 = Release|Any CPU
		{A09B8DA0-3BE3-4218-B30F-E168B0FBE12A}.Debug|Any CPU.ActiveCfg = Debug|Any CPU
		{A09B8DA0-3BE3-4218-B30F-E168B0FBE12A}.Debug|Any CPU.Build.0 = Debug|Any CPU
		{A09B8DA0-3BE3-4218-B30F-E168B0FBE12A}.Release|Any CPU.ActiveCfg = Release|Any CPU
		{A09B8DA0-3BE3-4218-B30F-E168B0FBE12A}.Release|Any CPU.Build.0 = Release|Any CPU
		{5F2F4015-6901-4940-912D-BE98B11DB2FD}.Debug|Any CPU.ActiveCfg = Debug|Any CPU
		{5F2F4015-6901-4940-912D-BE98B11DB2FD}.Debug|Any CPU.Build.0 = Debug|Any CPU
		{5F2F4015-6901-4940-912D-BE98B11DB2FD}.Release|Any CPU.ActiveCfg = Release|Any CPU
		{5F2F4015-6901-4940-912D-BE98B11DB2FD}.Release|Any CPU.Build.0 = Release|Any CPU
		{887ADDB5-8F4A-48A8-A4F0-27FFE1AC0D2D}.Debug|Any CPU.ActiveCfg = Debug|Any CPU
		{887ADDB5-8F4A-48A8-A4F0-27FFE1AC0D2D}.Debug|Any CPU.Build.0 = Debug|Any CPU
		{887ADDB5-8F4A-48A8-A4F0-27FFE1AC0D2D}.Release|Any CPU.ActiveCfg = Release|Any CPU
		{887ADDB5-8F4A-48A8-A4F0-27FFE1AC0D2D}.Release|Any CPU.Build.0 = Release|Any CPU
		{E241BDFA-D0D1-459F-8114-4E15F7771BD6}.Debug|Any CPU.ActiveCfg = Debug|Any CPU
		{E241BDFA-D0D1-459F-8114-4E15F7771BD6}.Debug|Any CPU.Build.0 = Debug|Any CPU
		{E241BDFA-D0D1-459F-8114-4E15F7771BD6}.Release|Any CPU.ActiveCfg = Release|Any CPU
		{E241BDFA-D0D1-459F-8114-4E15F7771BD6}.Release|Any CPU.Build.0 = Release|Any CPU
		{44855048-0A20-4D48-8956-2A8260534079}.Debug|Any CPU.ActiveCfg = Debug|Any CPU
		{44855048-0A20-4D48-8956-2A8260534079}.Debug|Any CPU.Build.0 = Debug|Any CPU
		{44855048-0A20-4D48-8956-2A8260534079}.Release|Any CPU.ActiveCfg = Release|Any CPU
		{44855048-0A20-4D48-8956-2A8260534079}.Release|Any CPU.Build.0 = Release|Any CPU
		{FDDEBAD1-4CD5-4C07-9E47-3F6A912944FC}.Debug|Any CPU.ActiveCfg = Debug|Any CPU
		{FDDEBAD1-4CD5-4C07-9E47-3F6A912944FC}.Debug|Any CPU.Build.0 = Debug|Any CPU
		{FDDEBAD1-4CD5-4C07-9E47-3F6A912944FC}.Release|Any CPU.ActiveCfg = Release|Any CPU
		{FDDEBAD1-4CD5-4C07-9E47-3F6A912944FC}.Release|Any CPU.Build.0 = Release|Any CPU
		{DBBFB4E4-C12C-4824-8E7B-4E1C309C0408}.Debug|Any CPU.ActiveCfg = Debug|Any CPU
		{DBBFB4E4-C12C-4824-8E7B-4E1C309C0408}.Debug|Any CPU.Build.0 = Debug|Any CPU
		{DBBFB4E4-C12C-4824-8E7B-4E1C309C0408}.Release|Any CPU.ActiveCfg = Release|Any CPU
		{DBBFB4E4-C12C-4824-8E7B-4E1C309C0408}.Release|Any CPU.Build.0 = Release|Any CPU
		{573C210C-0C7F-49CC-926E-4D3FE57649AC}.Debug|Any CPU.ActiveCfg = Debug|Any CPU
		{573C210C-0C7F-49CC-926E-4D3FE57649AC}.Debug|Any CPU.Build.0 = Debug|Any CPU
		{573C210C-0C7F-49CC-926E-4D3FE57649AC}.Release|Any CPU.ActiveCfg = Release|Any CPU
		{573C210C-0C7F-49CC-926E-4D3FE57649AC}.Release|Any CPU.Build.0 = Release|Any CPU
		{1A716FEF-B026-46EB-B6C0-7D3489C0B896}.Debug|Any CPU.ActiveCfg = Debug|Any CPU
		{1A716FEF-B026-46EB-B6C0-7D3489C0B896}.Debug|Any CPU.Build.0 = Debug|Any CPU
		{1A716FEF-B026-46EB-B6C0-7D3489C0B896}.Release|Any CPU.ActiveCfg = Release|Any CPU
		{1A716FEF-B026-46EB-B6C0-7D3489C0B896}.Release|Any CPU.Build.0 = Release|Any CPU
		{602038F5-4DFD-4799-8C66-52116E905B26}.Debug|Any CPU.ActiveCfg = Debug|Any CPU
		{602038F5-4DFD-4799-8C66-52116E905B26}.Debug|Any CPU.Build.0 = Debug|Any CPU
		{602038F5-4DFD-4799-8C66-52116E905B26}.Release|Any CPU.ActiveCfg = Release|Any CPU
		{602038F5-4DFD-4799-8C66-52116E905B26}.Release|Any CPU.Build.0 = Release|Any CPU
		{74F1CCFC-6D98-4720-AC13-8993C5C88E7A}.Debug|Any CPU.ActiveCfg = Debug|Any CPU
		{74F1CCFC-6D98-4720-AC13-8993C5C88E7A}.Debug|Any CPU.Build.0 = Debug|Any CPU
		{74F1CCFC-6D98-4720-AC13-8993C5C88E7A}.Release|Any CPU.ActiveCfg = Release|Any CPU
		{74F1CCFC-6D98-4720-AC13-8993C5C88E7A}.Release|Any CPU.Build.0 = Release|Any CPU
		{542BB280-C01D-446D-AA0B-8B15EE59E8EB}.Debug|Any CPU.ActiveCfg = Debug|Any CPU
		{542BB280-C01D-446D-AA0B-8B15EE59E8EB}.Debug|Any CPU.Build.0 = Debug|Any CPU
		{542BB280-C01D-446D-AA0B-8B15EE59E8EB}.Release|Any CPU.ActiveCfg = Release|Any CPU
		{542BB280-C01D-446D-AA0B-8B15EE59E8EB}.Release|Any CPU.Build.0 = Release|Any CPU
		{DDF844F8-6F52-4CAF-ABDB-AD90E30D5AD5}.Debug|Any CPU.ActiveCfg = Debug|Any CPU
		{DDF844F8-6F52-4CAF-ABDB-AD90E30D5AD5}.Debug|Any CPU.Build.0 = Debug|Any CPU
		{DDF844F8-6F52-4CAF-ABDB-AD90E30D5AD5}.Release|Any CPU.ActiveCfg = Release|Any CPU
		{DDF844F8-6F52-4CAF-ABDB-AD90E30D5AD5}.Release|Any CPU.Build.0 = Release|Any CPU
		{62314AEB-3457-48AA-AF01-248A354E5A81}.Debug|Any CPU.ActiveCfg = Debug|Any CPU
		{62314AEB-3457-48AA-AF01-248A354E5A81}.Debug|Any CPU.Build.0 = Debug|Any CPU
		{62314AEB-3457-48AA-AF01-248A354E5A81}.Release|Any CPU.ActiveCfg = Release|Any CPU
		{62314AEB-3457-48AA-AF01-248A354E5A81}.Release|Any CPU.Build.0 = Release|Any CPU
		{88A1A946-3BB9-49FE-998A-DE56E557EDCD}.Debug|Any CPU.ActiveCfg = Debug|Any CPU
		{88A1A946-3BB9-49FE-998A-DE56E557EDCD}.Debug|Any CPU.Build.0 = Debug|Any CPU
		{88A1A946-3BB9-49FE-998A-DE56E557EDCD}.Release|Any CPU.ActiveCfg = Release|Any CPU
		{88A1A946-3BB9-49FE-998A-DE56E557EDCD}.Release|Any CPU.Build.0 = Release|Any CPU
		{C8E0435D-7F8D-4542-86CD-D9ED9686572A}.Debug|Any CPU.ActiveCfg = Debug|Any CPU
		{C8E0435D-7F8D-4542-86CD-D9ED9686572A}.Debug|Any CPU.Build.0 = Debug|Any CPU
		{C8E0435D-7F8D-4542-86CD-D9ED9686572A}.Release|Any CPU.ActiveCfg = Release|Any CPU
		{C8E0435D-7F8D-4542-86CD-D9ED9686572A}.Release|Any CPU.Build.0 = Release|Any CPU
		{E4CB0194-C7CE-4B3F-9BA7-1FCA4F9052B7}.Debug|Any CPU.ActiveCfg = Debug|Any CPU
		{E4CB0194-C7CE-4B3F-9BA7-1FCA4F9052B7}.Debug|Any CPU.Build.0 = Debug|Any CPU
		{E4CB0194-C7CE-4B3F-9BA7-1FCA4F9052B7}.Release|Any CPU.ActiveCfg = Release|Any CPU
		{E4CB0194-C7CE-4B3F-9BA7-1FCA4F9052B7}.Release|Any CPU.Build.0 = Release|Any CPU
	EndGlobalSection
	GlobalSection(SolutionProperties) = preSolution
		HideSolutionNode = FALSE
	EndGlobalSection
	GlobalSection(NestedProjects) = preSolution
		{485DA182-9318-4537-B883-6F452A9C4EC0} = {9DD74AC8-1642-478B-BFF4-4407021EF70F}
		{960A00BF-1AC0-4F15-A6D9-147D106F6CE9} = {9DD74AC8-1642-478B-BFF4-4407021EF70F}
		{A09B8DA0-3BE3-4218-B30F-E168B0FBE12A} = {9DD74AC8-1642-478B-BFF4-4407021EF70F}
		{5F2F4015-6901-4940-912D-BE98B11DB2FD} = {9DD74AC8-1642-478B-BFF4-4407021EF70F}
		{887ADDB5-8F4A-48A8-A4F0-27FFE1AC0D2D} = {975DB5B2-6E56-49CD-B029-E414E2D9DC4B}
		{E241BDFA-D0D1-459F-8114-4E15F7771BD6} = {975DB5B2-6E56-49CD-B029-E414E2D9DC4B}
		{44855048-0A20-4D48-8956-2A8260534079} = {975DB5B2-6E56-49CD-B029-E414E2D9DC4B}
		{FDDEBAD1-4CD5-4C07-9E47-3F6A912944FC} = {975DB5B2-6E56-49CD-B029-E414E2D9DC4B}
		{DBBFB4E4-C12C-4824-8E7B-4E1C309C0408} = {975DB5B2-6E56-49CD-B029-E414E2D9DC4B}
		{573C210C-0C7F-49CC-926E-4D3FE57649AC} = {0DEE7E63-A122-4013-A9CF-1A0CB157279C}
		{1A716FEF-B026-46EB-B6C0-7D3489C0B896} = {0DEE7E63-A122-4013-A9CF-1A0CB157279C}
		{602038F5-4DFD-4799-8C66-52116E905B26} = {0DEE7E63-A122-4013-A9CF-1A0CB157279C}
		{74F1CCFC-6D98-4720-AC13-8993C5C88E7A} = {DA186217-40B6-4044-A840-50712660ED80}
		{542BB280-C01D-446D-AA0B-8B15EE59E8EB} = {DA186217-40B6-4044-A840-50712660ED80}
		{DDF844F8-6F52-4CAF-ABDB-AD90E30D5AD5} = {DA186217-40B6-4044-A840-50712660ED80}
		{62314AEB-3457-48AA-AF01-248A354E5A81} = {DFC3D7F4-CB47-42C2-AD96-B472D376F557}
		{88A1A946-3BB9-49FE-998A-DE56E557EDCD} = {DFC3D7F4-CB47-42C2-AD96-B472D376F557}
		{C8E0435D-7F8D-4542-86CD-D9ED9686572A} = {DFC3D7F4-CB47-42C2-AD96-B472D376F557}
		{E4CB0194-C7CE-4B3F-9BA7-1FCA4F9052B7} = {DFC3D7F4-CB47-42C2-AD96-B472D376F557}
	EndGlobalSection
	GlobalSection(ExtensibilityGlobals) = postSolution
		SolutionGuid = {D2D23331-3A37-41AA-B8C3-E6470E28FB85}
	EndGlobalSection
EndGlobal
